
Microsoft Visual Studio Solution File, Format Version 12.00
# Visual Studio Version 17
VisualStudioVersion = 17.2.32526.322
MinimumVisualStudioVersion = 10.0.40219.1
Project("{FAE04EC0-301F-11D3-BF4B-00C04F79EFBC}") = "Course5", "Course5\Course5.csproj", "{E45373A7-21E4-4E28-8C83-0CB744427C74}"
EndProject
Global
	GlobalSection(SolutionConfigurationPlatforms) = preSolution
		Debug|Any CPU = Debug|Any CPU
		Release|Any CPU = Release|Any CPU
	EndGlobalSection
	GlobalSection(ProjectConfigurationPlatforms) = postSolution
		{E45373A7-21E4-4E28-8C83-0CB744427C74}.Debug|Any CPU.ActiveCfg = Debug|Any CPU
		{E45373A7-21E4-4E28-8C83-0CB744427C74}.Debug|Any CPU.Build.0 = Debug|Any CPU
		{E45373A7-21E4-4E28-8C83-0CB744427C74}.Release|Any CPU.ActiveCfg = Release|Any CPU
		{E45373A7-21E4-4E28-8C83-0CB744427C74}.Release|Any CPU.Build.0 = Release|Any CPU
	EndGlobalSection
	GlobalSection(SolutionProperties) = preSolution
		HideSolutionNode = FALSE
	EndGlobalSection
	GlobalSection(ExtensibilityGlobals) = postSolution
		SolutionGuid = {DDE2FF3A-73EE-4EE9-8601-31E970ECBD3A}
	EndGlobalSection
EndGlobal
