
Microsoft Visual Studio Solution File, Format Version 12.00
# Visual Studio Version 17
VisualStudioVersion = 17.2.32526.322
MinimumVisualStudioVersion = 10.0.40219.1
Project("{FAE04EC0-301F-11D3-BF4B-00C04F79EFBC}") = "Course3", "Course3\Course3.csproj", "{842D8449-0C03-48F8-9269-8BDFF84FA578}"
EndProject
Global
	GlobalSection(SolutionConfigurationPlatforms) = preSolution
		Debug|Any CPU = Debug|Any CPU
		Release|Any CPU = Release|Any CPU
	EndGlobalSection
	GlobalSection(ProjectConfigurationPlatforms) = postSolution
		{842D8449-0C03-48F8-9269-8BDFF84FA578}.Debug|Any CPU.ActiveCfg = Debug|Any CPU
		{842D8449-0C03-48F8-9269-8BDFF84FA578}.Debug|Any CPU.Build.0 = Debug|Any CPU
		{842D8449-0C03-48F8-9269-8BDFF84FA578}.Release|Any CPU.ActiveCfg = Release|Any CPU
		{842D8449-0C03-48F8-9269-8BDFF84FA578}.Release|Any CPU.Build.0 = Release|Any CPU
	EndGlobalSection
	GlobalSection(SolutionProperties) = preSolution
		HideSolutionNode = FALSE
	EndGlobalSection
	GlobalSection(ExtensibilityGlobals) = postSolution
		SolutionGuid = {96B01066-E025-4F93-9E55-A671459231FE}
	EndGlobalSection
EndGlobal
